{
  "object": {
    "pins": [
      {
        "package": "combine-schedulers",
        "repositoryURL": "https://github.com/pointfreeco/combine-schedulers",
        "state": {
          "branch": null,
          "revision": "11973960af9c5426f22d337628cec4342c5e660d",
          "version": "0.7.4"
        }
      },
      {
        "package": "Gifu",
        "repositoryURL": "https://github.com/kaishin/Gifu",
        "state": {
          "branch": null,
          "revision": "51f2eab32903e336f590c013267cfa4d7f8b06c4",
          "version": "3.3.1"
        }
      },
      {
        "package": "Nuke",
        "repositoryURL": "https://github.com/kean/Nuke.git",
        "state": {
          "branch": null,
          "revision": "958ca90df22fc77fdf33b5b9a6d70102b7743851",
          "version": "10.9.0"
        }
      },
      {
        "package": "NukeUI",
        "repositoryURL": "https://github.com/kean/NukeUI",
        "state": {
          "branch": null,
          "revision": "17f26c07e6b1d3b9258287f99f528111fcd7b7ad",
          "version": "0.8.1"
        }
      },
      {
        "package": "PureSwiftUI",
        "repositoryURL": "https://github.com/CodeSlicing/pure-swift-ui.git",
        "state": {
          "branch": null,
          "revision": "f3cf6c8e49b19ce5076d06ad0ace841ef8f78092",
          "version": "3.1.0"
        }
      },
      {
        "package": "PureSwiftUIDesign",
        "repositoryURL": "https://github.com/CodeSlicing/pure-swift-ui-design.git",
        "state": {
          "branch": null,
          "revision": "40489273ee4703032c7d4d185ac25743f604e158",
          "version": "1.0.0"
        }
      },
      {
        "package": "swift-case-paths",
        "repositoryURL": "https://github.com/pointfreeco/swift-case-paths",
        "state": {
          "branch": null,
          "revision": "ce9c0d897db8a840c39de64caaa9b60119cf4be8",
          "version": "0.8.1"
        }
      },
      {
        "package": "swift-collections",
        "repositoryURL": "https://github.com/apple/swift-collections",
        "state": {
          "branch": null,
          "revision": "f504716c27d2e5d4144fa4794b12129301d17729",
          "version": "1.0.3"
        }
      },
      {
        "package": "swift-composable-architecture",
        "repositoryURL": "https://github.com/pointfreeco/swift-composable-architecture.git",
        "state": {
          "branch": null,
          "revision": "cbe013b42b3c368957f8f882c960b93845e1589d",
          "version": "0.40.1"
        }
      },
      {
        "package": "swift-custom-dump",
        "repositoryURL": "https://github.com/pointfreeco/swift-custom-dump",
        "state": {
          "branch": null,
          "revision": "21ec1d717c07cea5a026979cb0471dd95c7087e7",
          "version": "0.5.0"
        }
      },
      {
        "package": "swift-identified-collections",
        "repositoryURL": "https://github.com/pointfreeco/swift-identified-collections",
        "state": {
          "branch": null,
          "revision": "2d6b7ffcc67afd9077fac5e5a29bcd6d39b71076",
          "version": "0.4.0"
        }
      },
      {
        "package": "SwiftUIX",
        "repositoryURL": "https://github.com/SwiftUIX/SwiftUIX",
        "state": {
          "branch": "master",
          "revision": "662f302391857ccde7750c6b52b3012a21c30085",
          "version": null
        }
      },
      {
        "package": "xctest-dynamic-overlay",
        "repositoryURL": "https://github.com/pointfreeco/xctest-dynamic-overlay",
        "state": {
          "branch": null,
          "revision": "38bc9242e4388b80bd23ddfdf3071428859e3260",
          "version": "0.4.0"
        }
      }
    ]
  },
  "version": 1
}
